
Microsoft Visual Studio Solution File, Format Version 12.00
# Visual Studio Version 16
VisualStudioVersion = 16.0.30611.23
MinimumVisualStudioVersion = 10.0.40219.1
Project("{9A19103F-16F7-4668-BE54-9A1E7A4F7556}") = "Business", "Business\Business.csproj", "{47A75068-8D7E-43D0-9940-E28A53864734}"
EndProject
Project("{9A19103F-16F7-4668-BE54-9A1E7A4F7556}") = "DataAccess", "DataAccess\DataAccess.csproj", "{BF713BB3-0D36-4224-9F71-C1A6DE8F489F}"
EndProject
Project("{9A19103F-16F7-4668-BE54-9A1E7A4F7556}") = "Core", "Core\Core.csproj", "{C54C4D44-5D2E-4802-86BF-4ECE2141D682}"
EndProject
Project("{9A19103F-16F7-4668-BE54-9A1E7A4F7556}") = "Entities", "Entities\Entities.csproj", "{3E3D14F6-BC43-438B-B7B3-9BF0F384B86D}"
EndProject
Project("{FAE04EC0-301F-11D3-BF4B-00C04F79EFBC}") = "Api", "Api\Api.csproj", "{628F39AD-E4B2-4941-9DD8-F4B3278726DE}"
EndProject
Global
	GlobalSection(SolutionConfigurationPlatforms) = preSolution
		Debug|Any CPU = Debug|Any CPU
		Release|Any CPU = Release|Any CPU
	EndGlobalSection
	GlobalSection(ProjectConfigurationPlatforms) = postSolution
		{47A75068-8D7E-43D0-9940-E28A53864734}.Debug|Any CPU.ActiveCfg = Debug|Any CPU
		{47A75068-8D7E-43D0-9940-E28A53864734}.Debug|Any CPU.Build.0 = Debug|Any CPU
		{47A75068-8D7E-43D0-9940-E28A53864734}.Release|Any CPU.ActiveCfg = Release|Any CPU
		{47A75068-8D7E-43D0-9940-E28A53864734}.Release|Any CPU.Build.0 = Release|Any CPU
		{BF713BB3-0D36-4224-9F71-C1A6DE8F489F}.Debug|Any CPU.ActiveCfg = Debug|Any CPU
		{BF713BB3-0D36-4224-9F71-C1A6DE8F489F}.Debug|Any CPU.Build.0 = Debug|Any CPU
		{BF713BB3-0D36-4224-9F71-C1A6DE8F489F}.Release|Any CPU.ActiveCfg = Release|Any CPU
		{BF713BB3-0D36-4224-9F71-C1A6DE8F489F}.Release|Any CPU.Build.0 = Release|Any CPU
		{C54C4D44-5D2E-4802-86BF-4ECE2141D682}.Debug|Any CPU.ActiveCfg = Debug|Any CPU
		{C54C4D44-5D2E-4802-86BF-4ECE2141D682}.Debug|Any CPU.Build.0 = Debug|Any CPU
		{C54C4D44-5D2E-4802-86BF-4ECE2141D682}.Release|Any CPU.ActiveCfg = Release|Any CPU
		{C54C4D44-5D2E-4802-86BF-4ECE2141D682}.Release|Any CPU.Build.0 = Release|Any CPU
		{3E3D14F6-BC43-438B-B7B3-9BF0F384B86D}.Debug|Any CPU.ActiveCfg = Debug|Any CPU
		{3E3D14F6-BC43-438B-B7B3-9BF0F384B86D}.Debug|Any CPU.Build.0 = Debug|Any CPU
		{3E3D14F6-BC43-438B-B7B3-9BF0F384B86D}.Release|Any CPU.ActiveCfg = Release|Any CPU
		{3E3D14F6-BC43-438B-B7B3-9BF0F384B86D}.Release|Any CPU.Build.0 = Release|Any CPU
		{628F39AD-E4B2-4941-9DD8-F4B3278726DE}.Debug|Any CPU.ActiveCfg = Debug|Any CPU
		{628F39AD-E4B2-4941-9DD8-F4B3278726DE}.Debug|Any CPU.Build.0 = Debug|Any CPU
		{628F39AD-E4B2-4941-9DD8-F4B3278726DE}.Release|Any CPU.ActiveCfg = Release|Any CPU
		{628F39AD-E4B2-4941-9DD8-F4B3278726DE}.Release|Any CPU.Build.0 = Release|Any CPU
	EndGlobalSection
	GlobalSection(SolutionProperties) = preSolution
		HideSolutionNode = FALSE
	EndGlobalSection
	GlobalSection(ExtensibilityGlobals) = postSolution
		SolutionGuid = {61FA6E8C-DF72-4D8F-8A6A-6FFC16FE17CD}
	EndGlobalSection
EndGlobal
